
Microsoft Visual Studio Solution File, Format Version 12.00
# Visual Studio Version 17
VisualStudioVersion = 17.5.33530.505
MinimumVisualStudioVersion = 10.0.40219.1
Project("{FAE04EC0-301F-11D3-BF4B-00C04F79EFBC}") = "Tetris", "Tetris.csproj", "{ED31043E-215C-49B6-BA05-C86F7B17F63D}"
EndProject
Global
	GlobalSection(SolutionConfigurationPlatforms) = preSolution
		Debug|Any CPU = Debug|Any CPU
		Release|Any CPU = Release|Any CPU
	EndGlobalSection
	GlobalSection(ProjectConfigurationPlatforms) = postSolution
		{ED31043E-215C-49B6-BA05-C86F7B17F63D}.Debug|Any CPU.ActiveCfg = Debug|Any CPU
		{ED31043E-215C-49B6-BA05-C86F7B17F63D}.Debug|Any CPU.Build.0 = Debug|Any CPU
		{ED31043E-215C-49B6-BA05-C86F7B17F63D}.Release|Any CPU.ActiveCfg = Release|Any CPU
		{ED31043E-215C-49B6-BA05-C86F7B17F63D}.Release|Any CPU.Build.0 = Release|Any CPU
	EndGlobalSection
	GlobalSection(SolutionProperties) = preSolution
		HideSolutionNode = FALSE
	EndGlobalSection
	GlobalSection(ExtensibilityGlobals) = postSolution
		SolutionGuid = {A0E6701F-5B26-448E-927D-6A2CD24211B9}
	EndGlobalSection
EndGlobal
